
Microsoft Visual Studio Solution File, Format Version 12.00
# Visual Studio 2013
VisualStudioVersion = 12.0.21005.1
MinimumVisualStudioVersion = 10.0.40219.1
Project("{FAE04EC0-301F-11D3-BF4B-00C04F79EFBC}") = "HuiWei", "HuiWei\HuiWei.csproj", "{02041734-7911-4CC8-9378-A08E59988ABF}"
EndProject
Project("{FAE04EC0-301F-11D3-BF4B-00C04F79EFBC}") = "Domain.System", "Domain.System\Domain.System.csproj", "{36D610E1-0A4A-4775-8888-D97549BCF82E}"
EndProject
Project("{FAE04EC0-301F-11D3-BF4B-00C04F79EFBC}") = "Commond", "Commond\Commond.csproj", "{47D800F9-982B-4DEC-BC2F-26517E6000A3}"
EndProject
Project("{FAE04EC0-301F-11D3-BF4B-00C04F79EFBC}") = "UnitTest", "UnitTest\UnitTest.csproj", "{6B1DC7A5-A078-4F12-BC9E-0D0576F5CD2A}"
EndProject
Global
	GlobalSection(SolutionConfigurationPlatforms) = preSolution
		Debug|Any CPU = Debug|Any CPU
		Release|Any CPU = Release|Any CPU
	EndGlobalSection
	GlobalSection(ProjectConfigurationPlatforms) = postSolution
		{02041734-7911-4CC8-9378-A08E59988ABF}.Debug|Any CPU.ActiveCfg = Debug|Any CPU
		{02041734-7911-4CC8-9378-A08E59988ABF}.Debug|Any CPU.Build.0 = Debug|Any CPU
		{02041734-7911-4CC8-9378-A08E59988ABF}.Release|Any CPU.ActiveCfg = Release|Any CPU
		{02041734-7911-4CC8-9378-A08E59988ABF}.Release|Any CPU.Build.0 = Release|Any CPU
		{36D610E1-0A4A-4775-8888-D97549BCF82E}.Debug|Any CPU.ActiveCfg = Debug|Any CPU
		{36D610E1-0A4A-4775-8888-D97549BCF82E}.Debug|Any CPU.Build.0 = Debug|Any CPU
		{36D610E1-0A4A-4775-8888-D97549BCF82E}.Release|Any CPU.ActiveCfg = Release|Any CPU
		{36D610E1-0A4A-4775-8888-D97549BCF82E}.Release|Any CPU.Build.0 = Release|Any CPU
		{47D800F9-982B-4DEC-BC2F-26517E6000A3}.Debug|Any CPU.ActiveCfg = Debug|Any CPU
		{47D800F9-982B-4DEC-BC2F-26517E6000A3}.Debug|Any CPU.Build.0 = Debug|Any CPU
		{47D800F9-982B-4DEC-BC2F-26517E6000A3}.Release|Any CPU.ActiveCfg = Release|Any CPU
		{47D800F9-982B-4DEC-BC2F-26517E6000A3}.Release|Any CPU.Build.0 = Release|Any CPU
		{6B1DC7A5-A078-4F12-BC9E-0D0576F5CD2A}.Debug|Any CPU.ActiveCfg = Debug|Any CPU
		{6B1DC7A5-A078-4F12-BC9E-0D0576F5CD2A}.Debug|Any CPU.Build.0 = Debug|Any CPU
		{6B1DC7A5-A078-4F12-BC9E-0D0576F5CD2A}.Release|Any CPU.ActiveCfg = Release|Any CPU
		{6B1DC7A5-A078-4F12-BC9E-0D0576F5CD2A}.Release|Any CPU.Build.0 = Release|Any CPU
	EndGlobalSection
	GlobalSection(SolutionProperties) = preSolution
		HideSolutionNode = FALSE
	EndGlobalSection
EndGlobal
